
Microsoft Visual Studio Solution File, Format Version 12.00
# Visual Studio 14
VisualStudioVersion = 14.0.25123.0
MinimumVisualStudioVersion = 10.0.40219.1
Project("{FAE04EC0-301F-11D3-BF4B-00C04F79EFBC}") = "tojam2016.CSharp", "tojam2016.CSharp.csproj", "{F7DDD89A-87CF-5570-C815-2785FAFEE623}"
EndProject
Project("{FAE04EC0-301F-11D3-BF4B-00C04F79EFBC}") = "tojam2016.CSharp.Editor", "tojam2016.CSharp.Editor.csproj", "{289BF3EE-460F-7B36-B836-06C368A5F35A}"
EndProject
Global
	GlobalSection(SolutionConfigurationPlatforms) = preSolution
		Debug|Any CPU = Debug|Any CPU
		Release|Any CPU = Release|Any CPU
	EndGlobalSection
	GlobalSection(ProjectConfigurationPlatforms) = postSolution
		{F7DDD89A-87CF-5570-C815-2785FAFEE623}.Debug|Any CPU.ActiveCfg = Debug|Any CPU
		{F7DDD89A-87CF-5570-C815-2785FAFEE623}.Debug|Any CPU.Build.0 = Debug|Any CPU
		{F7DDD89A-87CF-5570-C815-2785FAFEE623}.Release|Any CPU.ActiveCfg = Release|Any CPU
		{F7DDD89A-87CF-5570-C815-2785FAFEE623}.Release|Any CPU.Build.0 = Release|Any CPU
		{289BF3EE-460F-7B36-B836-06C368A5F35A}.Debug|Any CPU.ActiveCfg = Debug|Any CPU
		{289BF3EE-460F-7B36-B836-06C368A5F35A}.Debug|Any CPU.Build.0 = Debug|Any CPU
		{289BF3EE-460F-7B36-B836-06C368A5F35A}.Release|Any CPU.ActiveCfg = Release|Any CPU
		{289BF3EE-460F-7B36-B836-06C368A5F35A}.Release|Any CPU.Build.0 = Release|Any CPU
	EndGlobalSection
	GlobalSection(SolutionProperties) = preSolution
		HideSolutionNode = FALSE
	EndGlobalSection
EndGlobal
