
Microsoft Visual Studio Solution File, Format Version 12.00
# Visual Studio 2015
Project("{FAE04EC0-301F-11D3-BF4B-00C04F79EFBC}") = "tojam.CSharp", "tojam.CSharp.csproj", "{9CD96302-66C7-1C9F-7E6D-1F592ECA1C84}"
EndProject
Global
	GlobalSection(SolutionConfigurationPlatforms) = preSolution
		Debug|Any CPU = Debug|Any CPU
		Release|Any CPU = Release|Any CPU
	EndGlobalSection
	GlobalSection(ProjectConfigurationPlatforms) = postSolution
		{9CD96302-66C7-1C9F-7E6D-1F592ECA1C84}.Debug|Any CPU.ActiveCfg = Debug|Any CPU
		{9CD96302-66C7-1C9F-7E6D-1F592ECA1C84}.Debug|Any CPU.Build.0 = Debug|Any CPU
		{9CD96302-66C7-1C9F-7E6D-1F592ECA1C84}.Release|Any CPU.ActiveCfg = Release|Any CPU
		{9CD96302-66C7-1C9F-7E6D-1F592ECA1C84}.Release|Any CPU.Build.0 = Release|Any CPU
	EndGlobalSection
	GlobalSection(SolutionProperties) = preSolution
		HideSolutionNode = FALSE
	EndGlobalSection
EndGlobal
